
Microsoft Visual Studio Solution File, Format Version 12.00
# Visual Studio Version 17
VisualStudioVersion = 17.2.32408.312
MinimumVisualStudioVersion = 10.0.40219.1
Project("{9A19103F-16F7-4668-BE54-9A1E7A4F7556}") = "web-minimal-api", "aspnet-minimal-api\web-minimal-api.csproj", "{0B0A2F2C-FE2A-474E-907D-91164F77E330}"
EndProject
Project("{9A19103F-16F7-4668-BE54-9A1E7A4F7556}") = "web-mvc", "aspnet-mvc\web-mvc.csproj", "{8AC03471-8058-44D0-8D32-ADF971D2AB70}"
EndProject
Project("{FAE04EC0-301F-11D3-BF4B-00C04F79EFBC}") = "aspnet-mw", "aspnet-mw\aspnet-mw.csproj", "{19D54272-F891-4C94-9466-37EC147672E0}"
EndProject
Global
	GlobalSection(SolutionConfigurationPlatforms) = preSolution
		Debug|Any CPU = Debug|Any CPU
		Release|Any CPU = Release|Any CPU
	EndGlobalSection
	GlobalSection(ProjectConfigurationPlatforms) = postSolution
		{0B0A2F2C-FE2A-474E-907D-91164F77E330}.Debug|Any CPU.ActiveCfg = Debug|Any CPU
		{0B0A2F2C-FE2A-474E-907D-91164F77E330}.Debug|Any CPU.Build.0 = Debug|Any CPU
		{0B0A2F2C-FE2A-474E-907D-91164F77E330}.Release|Any CPU.ActiveCfg = Release|Any CPU
		{0B0A2F2C-FE2A-474E-907D-91164F77E330}.Release|Any CPU.Build.0 = Release|Any CPU
		{8AC03471-8058-44D0-8D32-ADF971D2AB70}.Debug|Any CPU.ActiveCfg = Debug|Any CPU
		{8AC03471-8058-44D0-8D32-ADF971D2AB70}.Debug|Any CPU.Build.0 = Debug|Any CPU
		{8AC03471-8058-44D0-8D32-ADF971D2AB70}.Release|Any CPU.ActiveCfg = Release|Any CPU
		{8AC03471-8058-44D0-8D32-ADF971D2AB70}.Release|Any CPU.Build.0 = Release|Any CPU
		{19D54272-F891-4C94-9466-37EC147672E0}.Debug|Any CPU.ActiveCfg = Debug|Any CPU
		{19D54272-F891-4C94-9466-37EC147672E0}.Debug|Any CPU.Build.0 = Debug|Any CPU
		{19D54272-F891-4C94-9466-37EC147672E0}.Release|Any CPU.ActiveCfg = Release|Any CPU
		{19D54272-F891-4C94-9466-37EC147672E0}.Release|Any CPU.Build.0 = Release|Any CPU
	EndGlobalSection
	GlobalSection(SolutionProperties) = preSolution
		HideSolutionNode = FALSE
	EndGlobalSection
	GlobalSection(ExtensibilityGlobals) = postSolution
		SolutionGuid = {0C0DD115-33B7-45D8-A511-F18020B4A936}
	EndGlobalSection
EndGlobal
