{
  "name": "spliffy",
  "lockfileVersion": 2,
  "requires": true,
  "packages": {
    "": {
      "dependencies": {
        "@srfnstack/spliffy": "~1.0.0"
      }
    },
    "node_modules/@srfnstack/spliffy": {
      "version": "1.0.0",
      "resolved": "https://registry.npmjs.org/@srfnstack/spliffy/-/spliffy-1.0.0.tgz",
      "integrity": "sha512-mXTBHfWd91MgDVbUFnmKYv2/hrGJNYvkozrOwYyG7kYecV07TuJvS/t7ZfS2vcbp+VRrLOLAHgMUrGf9VZ++8A==",
      "dependencies": {
        "cookie": "^0.4.1",
        "etag": "^1.8.1",
        "uuid": "^8.3.2",
        "uWebSockets.js": "github:uNetworking/uWebSockets.js#v20.4.0"
      }
    },
    "node_modules/cookie": {
      "version": "0.4.1",
      "resolved": "https://registry.npmjs.org/cookie/-/cookie-0.4.1.tgz",
      "integrity": "sha512-ZwrFkGJxUR3EIoXtO+yVE69Eb7KlixbaeAWfBQB9vVsNn/o+Yw69gBWSSDK825hQNdN+wF8zELf3dFNl/kxkUA==",
      "engines": {
        "node": ">= 0.6"
      }
    },
    "node_modules/etag": {
      "version": "1.8.1",
      "resolved": "https://registry.npmjs.org/etag/-/etag-1.8.1.tgz",
      "integrity": "sha1-Qa4u62XvpiJorr/qg6x9eSmbCIc=",
      "engines": {
        "node": ">= 0.6"
      }
    },
    "node_modules/uuid": {
      "version": "8.3.2",
      "resolved": "https://registry.npmjs.org/uuid/-/uuid-8.3.2.tgz",
      "integrity": "sha512-+NYs2QeMWy+GWFOEm9xnn6HCDp0l7QBD7ml8zLUmJ+93Q5NF0NocErnwkTkXVFNiX3/fpC6afS8Dhb/gz7R7eg==",
      "bin": {
        "uuid": "dist/bin/uuid"
      }
    },
    "node_modules/uWebSockets.js": {
      "version": "20.4.0",
      "resolved": "git+ssh://git@github.com/uNetworking/uWebSockets.js.git#65f39bdff763be3883e6cf18e433dd4fec155845",
      "integrity": "sha512-GsguWAmL1cBg41I3dD28fPPSfyW+r3nB0D3z8QoxypPoDYnx205PO0bafwM1zTXjafagWFWCFvFhFJ9rxl9HpQ=="
    }
  },
  "dependencies": {
    "@srfnstack/spliffy": {
      "version": "1.0.0",
      "resolved": "https://registry.npmjs.org/@srfnstack/spliffy/-/spliffy-1.0.0.tgz",
      "integrity": "sha512-mXTBHfWd91MgDVbUFnmKYv2/hrGJNYvkozrOwYyG7kYecV07TuJvS/t7ZfS2vcbp+VRrLOLAHgMUrGf9VZ++8A==",
      "requires": {
        "cookie": "^0.4.1",
        "etag": "^1.8.1",
        "uuid": "^8.3.2",
        "uWebSockets.js": "github:uNetworking/uWebSockets.js#v20.4.0"
      }
    },
    "cookie": {
      "version": "0.4.1",
      "resolved": "https://registry.npmjs.org/cookie/-/cookie-0.4.1.tgz",
      "integrity": "sha512-ZwrFkGJxUR3EIoXtO+yVE69Eb7KlixbaeAWfBQB9vVsNn/o+Yw69gBWSSDK825hQNdN+wF8zELf3dFNl/kxkUA=="
    },
    "etag": {
      "version": "1.8.1",
      "resolved": "https://registry.npmjs.org/etag/-/etag-1.8.1.tgz",
      "integrity": "sha1-Qa4u62XvpiJorr/qg6x9eSmbCIc="
    },
    "uuid": {
      "version": "8.3.2",
      "resolved": "https://registry.npmjs.org/uuid/-/uuid-8.3.2.tgz",
      "integrity": "sha512-+NYs2QeMWy+GWFOEm9xnn6HCDp0l7QBD7ml8zLUmJ+93Q5NF0NocErnwkTkXVFNiX3/fpC6afS8Dhb/gz7R7eg=="
    },
    "uWebSockets.js": {
      "version": "git+ssh://git@github.com/uNetworking/uWebSockets.js.git#65f39bdff763be3883e6cf18e433dd4fec155845",
      "integrity": "sha512-GsguWAmL1cBg41I3dD28fPPSfyW+r3nB0D3z8QoxypPoDYnx205PO0bafwM1zTXjafagWFWCFvFhFJ9rxl9HpQ==",
      "from": "uWebSockets.js@github:uNetworking/uWebSockets.js#v20.4.0"
    }
  }
}
