hash: 22b011cc8b02f5f43fa44b0d969b6776d1e98a652484254ab72094967188eaad
updated: 2017-04-01T17:07:49.038244333+09:00
imports:
- name: github.com/labstack/echo
  version: 22012e0e9da962b1b6a67b9e009d8eabe35d2d7e
- name: github.com/labstack/gommon
  version: 9cedb429ffbe71a32a3ae7c65fd109cb7ae07804
  subpackages:
  - color
  - log
- name: github.com/mattn/go-colorable
  version: ded68f7a9561c023e790de24279db7ebf473ea80
- name: github.com/mattn/go-isatty
  version: fc9e8d8ef48496124e79ae0df75490096eccf6fe
- name: github.com/valyala/bytebufferpool
  version: e746df99fe4a3986f4d4f79e13c1e0117ce9c2f7
- name: github.com/valyala/fasttemplate
  version: dcecefd839c4193db0d35b88ec65b4c12d360ab0
- name: golang.org/x/crypto
  version: 459e26527287adbc2adcc5d0d49abff9a5f315a7
  subpackages:
  - acme
  - acme/autocert
- name: golang.org/x/net
  version: 05d3205156cb1bdc096578d6457fa161cd950aa2
  subpackages:
  - context
  - context/ctxhttp
- name: golang.org/x/sys
  version: 9a7256cb28ed514b4e1e5f68959914c4c28a92e0
  subpackages:
  - unix
testImports: []
