{
  "object": {
    "pins": [
      {
        "package": "COpenSSL",
        "repositoryURL": "https://github.com/PerfectlySoft/Perfect-COpenSSL.git",
        "state": {
          "branch": null,
          "revision": "87b6d1f313887fa11bd75e157a3678f066eec981",
          "version": "2.0.6"
        }
      },
      {
        "package": "PerfectCrypto",
        "repositoryURL": "https://github.com/PerfectlySoft/Perfect-Crypto.git",
        "state": {
          "branch": null,
          "revision": "596cd8961ad1981d65eb07ea07cdda6345f6104a",
          "version": "1.1.1"
        }
      },
      {
        "package": "PerfectHTTP",
        "repositoryURL": "https://github.com/PerfectlySoft/Perfect-HTTP.git",
        "state": {
          "branch": null,
          "revision": "eb93186d03409b81cfbc5dd65275f55a5df70cac",
          "version": "2.2.4"
        }
      },
      {
        "package": "PerfectHTTPServer",
        "repositoryURL": "https://github.com/PerfectlySoft/Perfect-HTTPServer.git",
        "state": {
          "branch": null,
          "revision": "783de8b2ea06058fb4fd7df66e9a7d4a398b3648",
          "version": "2.3.4"
        }
      },
      {
        "package": "PerfectLib",
        "repositoryURL": "https://github.com/PerfectlySoft/PerfectLib.git",
        "state": {
          "branch": null,
          "revision": "e85a9ead840f80dfd85ca90627cf88cfb6e0cb59",
          "version": "2.0.11"
        }
      },
      {
        "package": "PerfectNet",
        "repositoryURL": "https://github.com/PerfectlySoft/Perfect-Net.git",
        "state": {
          "branch": null,
          "revision": "6134fa1630849344244304953ccf20b40c4fc145",
          "version": "2.1.18"
        }
      },
      {
        "package": "PerfectThread",
        "repositoryURL": "https://github.com/PerfectlySoft/Perfect-Thread.git",
        "state": {
          "branch": null,
          "revision": "7d09e1830dd8e46b99c34a754a0bf4c2d567794e",
          "version": "2.0.12"
        }
      }
    ]
  },
  "version": 1
}
