# Generated by pub
# See https://dart.dev/tools/pub/glossary#lockfile
packages:
  logging:
    dependency: transitive
    description:
      name: logging
      sha256: "623a88c9594aa774443aa3eb2d41807a48486b5613e67599fb4c41c0ad47c340"
      url: "https://pub.dev"
    source: hosted
    version: "1.2.0"
  mime:
    dependency: transitive
    description:
      name: mime
      sha256: e4ff8e8564c03f255408decd16e7899da1733852a9110a58fe6d1b817684a63e
      url: "https://pub.dev"
    source: hosted
    version: "1.0.4"
  path:
    dependency: transitive
    description:
      name: path
      sha256: "087ce49c3f0dc39180befefc60fdb4acd8f8620e5682fe2476afd0b3688bb4af"
      url: "https://pub.dev"
    source: hosted
    version: "1.9.0"
  routingkit:
    dependency: transitive
    description:
      name: routingkit
      sha256: c39c0bbddb5f4261a21470b83e3a8795b77916049b0ae4a731f893787aa279a6
      url: "https://pub.dev"
    source: hosted
    version: "0.2.1"
  spry:
    dependency: "direct main"
    description:
      name: spry
      sha256: b1c93159dc2eddb3834ba45ca1af4031c879d44134190966053743249ef51223
      url: "https://pub.dev"
    source: hosted
    version: "3.2.0"
  web:
    dependency: transitive
    description:
      name: web
      sha256: "4188706108906f002b3a293509234588823c8c979dc83304e229ff400c996b05"
      url: "https://pub.dev"
    source: hosted
    version: "0.4.2"
  webfetch:
    dependency: transitive
    description:
      name: webfetch
      sha256: "08cb156e0b476447da5c9d2cd30a4ca7d63270310153fc351aa536217d73d859"
      url: "https://pub.dev"
    source: hosted
    version: "0.0.15"
sdks:
  dart: ">=3.2.0 <3.3.0"
