[root]
name = "server_rust_rocket"
version = "0.1.0"
dependencies = [
 "rocket 0.3.3 (registry+https://github.com/rust-lang/crates.io-index)",
 "rocket_codegen 0.3.3 (registry+https://github.com/rust-lang/crates.io-index)",
]

[[package]]
name = "base64"
version = "0.6.0"
source = "registry+https://github.com/rust-lang/crates.io-index"
dependencies = [
 "byteorder 1.1.0 (registry+https://github.com/rust-lang/crates.io-index)",
 "safemem 0.2.0 (registry+https://github.com/rust-lang/crates.io-index)",
]

[[package]]
name = "bitflags"
version = "0.7.0"
source = "registry+https://github.com/rust-lang/crates.io-index"

[[package]]
name = "byteorder"
version = "1.1.0"
source = "registry+https://github.com/rust-lang/crates.io-index"

[[package]]
name = "coco"
version = "0.1.1"
source = "registry+https://github.com/rust-lang/crates.io-index"
dependencies = [
 "either 1.2.0 (registry+https://github.com/rust-lang/crates.io-index)",
 "scopeguard 0.3.2 (registry+https://github.com/rust-lang/crates.io-index)",
]

[[package]]
name = "conv"
version = "0.3.3"
source = "registry+https://github.com/rust-lang/crates.io-index"
dependencies = [
 "custom_derive 0.1.7 (registry+https://github.com/rust-lang/crates.io-index)",
]

[[package]]
name = "cookie"
version = "0.9.1"
source = "registry+https://github.com/rust-lang/crates.io-index"
dependencies = [
 "base64 0.6.0 (registry+https://github.com/rust-lang/crates.io-index)",
 "ring 0.11.0 (registry+https://github.com/rust-lang/crates.io-index)",
 "time 0.1.38 (registry+https://github.com/rust-lang/crates.io-index)",
 "url 1.5.1 (registry+https://github.com/rust-lang/crates.io-index)",
]

[[package]]
name = "custom_derive"
version = "0.1.7"
source = "registry+https://github.com/rust-lang/crates.io-index"

[[package]]
name = "either"
version = "1.2.0"
source = "registry+https://github.com/rust-lang/crates.io-index"

[[package]]
name = "futures"
version = "0.1.16"
source = "registry+https://github.com/rust-lang/crates.io-index"

[[package]]
name = "gcc"
version = "0.3.54"
source = "registry+https://github.com/rust-lang/crates.io-index"

[[package]]
name = "httparse"
version = "1.2.3"
source = "registry+https://github.com/rust-lang/crates.io-index"

[[package]]
name = "hyper"
version = "0.10.13"
source = "registry+https://github.com/rust-lang/crates.io-index"
dependencies = [
 "base64 0.6.0 (registry+https://github.com/rust-lang/crates.io-index)",
 "httparse 1.2.3 (registry+https://github.com/rust-lang/crates.io-index)",
 "language-tags 0.2.2 (registry+https://github.com/rust-lang/crates.io-index)",
 "log 0.3.8 (registry+https://github.com/rust-lang/crates.io-index)",
 "mime 0.2.6 (registry+https://github.com/rust-lang/crates.io-index)",
 "num_cpus 1.7.0 (registry+https://github.com/rust-lang/crates.io-index)",
 "time 0.1.38 (registry+https://github.com/rust-lang/crates.io-index)",
 "traitobject 0.1.0 (registry+https://github.com/rust-lang/crates.io-index)",
 "typeable 0.1.2 (registry+https://github.com/rust-lang/crates.io-index)",
 "unicase 1.4.2 (registry+https://github.com/rust-lang/crates.io-index)",
 "url 1.5.1 (registry+https://github.com/rust-lang/crates.io-index)",
]

[[package]]
name = "idna"
version = "0.1.4"
source = "registry+https://github.com/rust-lang/crates.io-index"
dependencies = [
 "matches 0.1.6 (registry+https://github.com/rust-lang/crates.io-index)",
 "unicode-bidi 0.3.4 (registry+https://github.com/rust-lang/crates.io-index)",
 "unicode-normalization 0.1.5 (registry+https://github.com/rust-lang/crates.io-index)",
]

[[package]]
name = "isatty"
version = "0.1.3"
source = "registry+https://github.com/rust-lang/crates.io-index"
dependencies = [
 "kernel32-sys 0.2.2 (registry+https://github.com/rust-lang/crates.io-index)",
 "libc 0.2.31 (registry+https://github.com/rust-lang/crates.io-index)",
 "winapi 0.2.8 (registry+https://github.com/rust-lang/crates.io-index)",
]

[[package]]
name = "kernel32-sys"
version = "0.2.2"
source = "registry+https://github.com/rust-lang/crates.io-index"
dependencies = [
 "winapi 0.2.8 (registry+https://github.com/rust-lang/crates.io-index)",
 "winapi-build 0.1.1 (registry+https://github.com/rust-lang/crates.io-index)",
]

[[package]]
name = "language-tags"
version = "0.2.2"
source = "registry+https://github.com/rust-lang/crates.io-index"

[[package]]
name = "lazy_static"
version = "0.2.9"
source = "registry+https://github.com/rust-lang/crates.io-index"

[[package]]
name = "libc"
version = "0.2.31"
source = "registry+https://github.com/rust-lang/crates.io-index"

[[package]]
name = "log"
version = "0.3.8"
source = "registry+https://github.com/rust-lang/crates.io-index"

[[package]]
name = "magenta"
version = "0.1.1"
source = "registry+https://github.com/rust-lang/crates.io-index"
dependencies = [
 "conv 0.3.3 (registry+https://github.com/rust-lang/crates.io-index)",
 "magenta-sys 0.1.1 (registry+https://github.com/rust-lang/crates.io-index)",
]

[[package]]
name = "magenta-sys"
version = "0.1.1"
source = "registry+https://github.com/rust-lang/crates.io-index"
dependencies = [
 "bitflags 0.7.0 (registry+https://github.com/rust-lang/crates.io-index)",
]

[[package]]
name = "matches"
version = "0.1.6"
source = "registry+https://github.com/rust-lang/crates.io-index"

[[package]]
name = "memchr"
version = "1.0.1"
source = "registry+https://github.com/rust-lang/crates.io-index"
dependencies = [
 "libc 0.2.31 (registry+https://github.com/rust-lang/crates.io-index)",
]

[[package]]
name = "mime"
version = "0.2.6"
source = "registry+https://github.com/rust-lang/crates.io-index"
dependencies = [
 "log 0.3.8 (registry+https://github.com/rust-lang/crates.io-index)",
]

[[package]]
name = "num_cpus"
version = "1.7.0"
source = "registry+https://github.com/rust-lang/crates.io-index"
dependencies = [
 "libc 0.2.31 (registry+https://github.com/rust-lang/crates.io-index)",
]

[[package]]
name = "ordermap"
version = "0.2.13"
source = "registry+https://github.com/rust-lang/crates.io-index"

[[package]]
name = "pear"
version = "0.0.10"
source = "registry+https://github.com/rust-lang/crates.io-index"

[[package]]
name = "pear_codegen"
version = "0.0.10"
source = "registry+https://github.com/rust-lang/crates.io-index"

[[package]]
name = "percent-encoding"
version = "1.0.0"
source = "registry+https://github.com/rust-lang/crates.io-index"

[[package]]
name = "rand"
version = "0.3.16"
source = "registry+https://github.com/rust-lang/crates.io-index"
dependencies = [
 "libc 0.2.31 (registry+https://github.com/rust-lang/crates.io-index)",
 "magenta 0.1.1 (registry+https://github.com/rust-lang/crates.io-index)",
]

[[package]]
name = "rayon"
version = "0.7.1"
source = "registry+https://github.com/rust-lang/crates.io-index"
dependencies = [
 "rayon-core 1.2.1 (registry+https://github.com/rust-lang/crates.io-index)",
]

[[package]]
name = "rayon-core"
version = "1.2.1"
source = "registry+https://github.com/rust-lang/crates.io-index"
dependencies = [
 "coco 0.1.1 (registry+https://github.com/rust-lang/crates.io-index)",
 "futures 0.1.16 (registry+https://github.com/rust-lang/crates.io-index)",
 "lazy_static 0.2.9 (registry+https://github.com/rust-lang/crates.io-index)",
 "libc 0.2.31 (registry+https://github.com/rust-lang/crates.io-index)",
 "num_cpus 1.7.0 (registry+https://github.com/rust-lang/crates.io-index)",
 "rand 0.3.16 (registry+https://github.com/rust-lang/crates.io-index)",
]

[[package]]
name = "redox_syscall"
version = "0.1.31"
source = "registry+https://github.com/rust-lang/crates.io-index"

[[package]]
name = "ring"
version = "0.11.0"
source = "registry+https://github.com/rust-lang/crates.io-index"
dependencies = [
 "gcc 0.3.54 (registry+https://github.com/rust-lang/crates.io-index)",
 "lazy_static 0.2.9 (registry+https://github.com/rust-lang/crates.io-index)",
 "libc 0.2.31 (registry+https://github.com/rust-lang/crates.io-index)",
 "rayon 0.7.1 (registry+https://github.com/rust-lang/crates.io-index)",
 "untrusted 0.5.1 (registry+https://github.com/rust-lang/crates.io-index)",
]

[[package]]
name = "rocket"
version = "0.3.3"
source = "registry+https://github.com/rust-lang/crates.io-index"
dependencies = [
 "base64 0.6.0 (registry+https://github.com/rust-lang/crates.io-index)",
 "cookie 0.9.1 (registry+https://github.com/rust-lang/crates.io-index)",
 "hyper 0.10.13 (registry+https://github.com/rust-lang/crates.io-index)",
 "isatty 0.1.3 (registry+https://github.com/rust-lang/crates.io-index)",
 "log 0.3.8 (registry+https://github.com/rust-lang/crates.io-index)",
 "memchr 1.0.1 (registry+https://github.com/rust-lang/crates.io-index)",
 "num_cpus 1.7.0 (registry+https://github.com/rust-lang/crates.io-index)",
 "ordermap 0.2.13 (registry+https://github.com/rust-lang/crates.io-index)",
 "pear 0.0.10 (registry+https://github.com/rust-lang/crates.io-index)",
 "pear_codegen 0.0.10 (registry+https://github.com/rust-lang/crates.io-index)",
 "smallvec 0.4.4 (registry+https://github.com/rust-lang/crates.io-index)",
 "state 0.3.2 (registry+https://github.com/rust-lang/crates.io-index)",
 "time 0.1.38 (registry+https://github.com/rust-lang/crates.io-index)",
 "toml 0.4.5 (registry+https://github.com/rust-lang/crates.io-index)",
 "url 1.5.1 (registry+https://github.com/rust-lang/crates.io-index)",
 "version_check 0.1.3 (registry+https://github.com/rust-lang/crates.io-index)",
 "yansi 0.3.4 (registry+https://github.com/rust-lang/crates.io-index)",
]

[[package]]
name = "rocket_codegen"
version = "0.3.3"
source = "registry+https://github.com/rust-lang/crates.io-index"
dependencies = [
 "log 0.3.8 (registry+https://github.com/rust-lang/crates.io-index)",
 "rocket 0.3.3 (registry+https://github.com/rust-lang/crates.io-index)",
 "version_check 0.1.3 (registry+https://github.com/rust-lang/crates.io-index)",
 "yansi 0.3.4 (registry+https://github.com/rust-lang/crates.io-index)",
]

[[package]]
name = "safemem"
version = "0.2.0"
source = "registry+https://github.com/rust-lang/crates.io-index"

[[package]]
name = "scopeguard"
version = "0.3.2"
source = "registry+https://github.com/rust-lang/crates.io-index"

[[package]]
name = "serde"
version = "1.0.15"
source = "registry+https://github.com/rust-lang/crates.io-index"

[[package]]
name = "smallvec"
version = "0.4.4"
source = "registry+https://github.com/rust-lang/crates.io-index"

[[package]]
name = "state"
version = "0.3.2"
source = "registry+https://github.com/rust-lang/crates.io-index"

[[package]]
name = "time"
version = "0.1.38"
source = "registry+https://github.com/rust-lang/crates.io-index"
dependencies = [
 "kernel32-sys 0.2.2 (registry+https://github.com/rust-lang/crates.io-index)",
 "libc 0.2.31 (registry+https://github.com/rust-lang/crates.io-index)",
 "redox_syscall 0.1.31 (registry+https://github.com/rust-lang/crates.io-index)",
 "winapi 0.2.8 (registry+https://github.com/rust-lang/crates.io-index)",
]

[[package]]
name = "toml"
version = "0.4.5"
source = "registry+https://github.com/rust-lang/crates.io-index"
dependencies = [
 "serde 1.0.15 (registry+https://github.com/rust-lang/crates.io-index)",
]

[[package]]
name = "traitobject"
version = "0.1.0"
source = "registry+https://github.com/rust-lang/crates.io-index"

[[package]]
name = "typeable"
version = "0.1.2"
source = "registry+https://github.com/rust-lang/crates.io-index"

[[package]]
name = "unicase"
version = "1.4.2"
source = "registry+https://github.com/rust-lang/crates.io-index"
dependencies = [
 "version_check 0.1.3 (registry+https://github.com/rust-lang/crates.io-index)",
]

[[package]]
name = "unicode-bidi"
version = "0.3.4"
source = "registry+https://github.com/rust-lang/crates.io-index"
dependencies = [
 "matches 0.1.6 (registry+https://github.com/rust-lang/crates.io-index)",
]

[[package]]
name = "unicode-normalization"
version = "0.1.5"
source = "registry+https://github.com/rust-lang/crates.io-index"

[[package]]
name = "untrusted"
version = "0.5.1"
source = "registry+https://github.com/rust-lang/crates.io-index"

[[package]]
name = "url"
version = "1.5.1"
source = "registry+https://github.com/rust-lang/crates.io-index"
dependencies = [
 "idna 0.1.4 (registry+https://github.com/rust-lang/crates.io-index)",
 "matches 0.1.6 (registry+https://github.com/rust-lang/crates.io-index)",
 "percent-encoding 1.0.0 (registry+https://github.com/rust-lang/crates.io-index)",
]

[[package]]
name = "version_check"
version = "0.1.3"
source = "registry+https://github.com/rust-lang/crates.io-index"

[[package]]
name = "winapi"
version = "0.2.8"
source = "registry+https://github.com/rust-lang/crates.io-index"

[[package]]
name = "winapi-build"
version = "0.1.1"
source = "registry+https://github.com/rust-lang/crates.io-index"

[[package]]
name = "yansi"
version = "0.3.4"
source = "registry+https://github.com/rust-lang/crates.io-index"

[metadata]
"checksum base64 0.6.0 (registry+https://github.com/rust-lang/crates.io-index)" = "96434f987501f0ed4eb336a411e0631ecd1afa11574fe148587adc4ff96143c9"
"checksum bitflags 0.7.0 (registry+https://github.com/rust-lang/crates.io-index)" = "aad18937a628ec6abcd26d1489012cc0e18c21798210f491af69ded9b881106d"
"checksum byteorder 1.1.0 (registry+https://github.com/rust-lang/crates.io-index)" = "ff81738b726f5d099632ceaffe7fb65b90212e8dce59d518729e7e8634032d3d"
"checksum coco 0.1.1 (registry+https://github.com/rust-lang/crates.io-index)" = "c06169f5beb7e31c7c67ebf5540b8b472d23e3eade3b2ec7d1f5b504a85f91bd"
"checksum conv 0.3.3 (registry+https://github.com/rust-lang/crates.io-index)" = "78ff10625fd0ac447827aa30ea8b861fead473bb60aeb73af6c1c58caf0d1299"
"checksum cookie 0.9.1 (registry+https://github.com/rust-lang/crates.io-index)" = "a54aa6d675d62b2f95b56b331b5222a520149a54f23a2d21974dfcc69caf0a9d"
"checksum custom_derive 0.1.7 (registry+https://github.com/rust-lang/crates.io-index)" = "ef8ae57c4978a2acd8b869ce6b9ca1dfe817bff704c220209fdef2c0b75a01b9"
"checksum either 1.2.0 (registry+https://github.com/rust-lang/crates.io-index)" = "cbee135e9245416869bf52bd6ccc9b59e2482651510784e089b874272f02a252"
"checksum futures 0.1.16 (registry+https://github.com/rust-lang/crates.io-index)" = "05a23db7bd162d4e8265968602930c476f688f0c180b44bdaf55e0cb2c687558"
"checksum gcc 0.3.54 (registry+https://github.com/rust-lang/crates.io-index)" = "5e33ec290da0d127825013597dbdfc28bee4964690c7ce1166cbc2a7bd08b1bb"
"checksum httparse 1.2.3 (registry+https://github.com/rust-lang/crates.io-index)" = "af2f2dd97457e8fb1ae7c5a420db346af389926e36f43768b96f101546b04a07"
"checksum hyper 0.10.13 (registry+https://github.com/rust-lang/crates.io-index)" = "368cb56b2740ebf4230520e2b90ebb0461e69034d85d1945febd9b3971426db2"
"checksum idna 0.1.4 (registry+https://github.com/rust-lang/crates.io-index)" = "014b298351066f1512874135335d62a789ffe78a9974f94b43ed5621951eaf7d"
"checksum isatty 0.1.3 (registry+https://github.com/rust-lang/crates.io-index)" = "fa500db770a99afe2a0f2229be2a3d09c7ed9d7e4e8440bf71253141994e240f"
"checksum kernel32-sys 0.2.2 (registry+https://github.com/rust-lang/crates.io-index)" = "7507624b29483431c0ba2d82aece8ca6cdba9382bff4ddd0f7490560c056098d"
"checksum language-tags 0.2.2 (registry+https://github.com/rust-lang/crates.io-index)" = "a91d884b6667cd606bb5a69aa0c99ba811a115fc68915e7056ec08a46e93199a"
"checksum lazy_static 0.2.9 (registry+https://github.com/rust-lang/crates.io-index)" = "c9e5e58fa1a4c3b915a561a78a22ee0cac6ab97dca2504428bc1cb074375f8d5"
"checksum libc 0.2.31 (registry+https://github.com/rust-lang/crates.io-index)" = "d1419b2939a0bc44b77feb34661583c7546b532b192feab36249ab584b86856c"
"checksum log 0.3.8 (registry+https://github.com/rust-lang/crates.io-index)" = "880f77541efa6e5cc74e76910c9884d9859683118839d6a1dc3b11e63512565b"
"checksum magenta 0.1.1 (registry+https://github.com/rust-lang/crates.io-index)" = "4bf0336886480e671965f794bc9b6fce88503563013d1bfb7a502c81fe3ac527"
"checksum magenta-sys 0.1.1 (registry+https://github.com/rust-lang/crates.io-index)" = "40d014c7011ac470ae28e2f76a02bfea4a8480f73e701353b49ad7a8d75f4699"
"checksum matches 0.1.6 (registry+https://github.com/rust-lang/crates.io-index)" = "100aabe6b8ff4e4a7e32c1c13523379802df0772b82466207ac25b013f193376"
"checksum memchr 1.0.1 (registry+https://github.com/rust-lang/crates.io-index)" = "1dbccc0e46f1ea47b9f17e6d67c5a96bd27030519c519c9c91327e31275a47b4"
"checksum mime 0.2.6 (registry+https://github.com/rust-lang/crates.io-index)" = "ba626b8a6de5da682e1caa06bdb42a335aee5a84db8e5046a3e8ab17ba0a3ae0"
"checksum num_cpus 1.7.0 (registry+https://github.com/rust-lang/crates.io-index)" = "514f0d73e64be53ff320680ca671b64fe3fb91da01e1ae2ddc99eb51d453b20d"
"checksum ordermap 0.2.13 (registry+https://github.com/rust-lang/crates.io-index)" = "b81cf3b8cb96aa0e73bbedfcdc9708d09fec2854ba8d474be4e6f666d7379e8b"
"checksum pear 0.0.10 (registry+https://github.com/rust-lang/crates.io-index)" = "87dd0e084e2c18b047658e40f89b856dfc23104011fd43f9369e873d03b7f15b"
"checksum pear_codegen 0.0.10 (registry+https://github.com/rust-lang/crates.io-index)" = "0455b67d07b3aa40a552256059f11eb8db3a848cbec81bae3e3cb366e6e74e24"
"checksum percent-encoding 1.0.0 (registry+https://github.com/rust-lang/crates.io-index)" = "de154f638187706bde41d9b4738748933d64e6b37bdbffc0b47a97d16a6ae356"
"checksum rand 0.3.16 (registry+https://github.com/rust-lang/crates.io-index)" = "eb250fd207a4729c976794d03db689c9be1d634ab5a1c9da9492a13d8fecbcdf"
"checksum rayon 0.7.1 (registry+https://github.com/rust-lang/crates.io-index)" = "a77c51c07654ddd93f6cb543c7a849863b03abc7e82591afda6dc8ad4ac3ac4a"
"checksum rayon-core 1.2.1 (registry+https://github.com/rust-lang/crates.io-index)" = "7febc28567082c345f10cddc3612c6ea020fc3297a1977d472cf9fdb73e6e493"
"checksum redox_syscall 0.1.31 (registry+https://github.com/rust-lang/crates.io-index)" = "8dde11f18c108289bef24469638a04dce49da56084f2d50618b226e47eb04509"
"checksum ring 0.11.0 (registry+https://github.com/rust-lang/crates.io-index)" = "1f2a6dc7fc06a05e6de183c5b97058582e9da2de0c136eafe49609769c507724"
"checksum rocket 0.3.3 (registry+https://github.com/rust-lang/crates.io-index)" = "3ad92f830d1ae2e9400ff212c949f6101b794cb3f50df975a8278b30280de51e"
"checksum rocket_codegen 0.3.3 (registry+https://github.com/rust-lang/crates.io-index)" = "a945a800964fd73054d726fcfb52dbb5ed2c77f9c97f94de81f94970779f12ad"
"checksum safemem 0.2.0 (registry+https://github.com/rust-lang/crates.io-index)" = "e27a8b19b835f7aea908818e871f5cc3a5a186550c30773be987e155e8163d8f"
"checksum scopeguard 0.3.2 (registry+https://github.com/rust-lang/crates.io-index)" = "c79eb2c3ac4bc2507cda80e7f3ac5b88bd8eae4c0914d5663e6a8933994be918"
"checksum serde 1.0.15 (registry+https://github.com/rust-lang/crates.io-index)" = "6a7046c9d4c6c522d10b2d098f9bebe2bef227e0e74044d8c1bfcf6b476af799"
"checksum smallvec 0.4.4 (registry+https://github.com/rust-lang/crates.io-index)" = "ee4f357e8cd37bf8822e1b964e96fd39e2cb5a0424f8aaa284ccaccc2162411c"
"checksum state 0.3.2 (registry+https://github.com/rust-lang/crates.io-index)" = "acc74e29126a281afcfd8dfa0ae83f1720a1adf5fc99524898e45ca440a73919"
"checksum time 0.1.38 (registry+https://github.com/rust-lang/crates.io-index)" = "d5d788d3aa77bc0ef3e9621256885555368b47bd495c13dd2e7413c89f845520"
"checksum toml 0.4.5 (registry+https://github.com/rust-lang/crates.io-index)" = "a7540f4ffc193e0d3c94121edb19b055670d369f77d5804db11ae053a45b6e7e"
"checksum traitobject 0.1.0 (registry+https://github.com/rust-lang/crates.io-index)" = "efd1f82c56340fdf16f2a953d7bda4f8fdffba13d93b00844c25572110b26079"
"checksum typeable 0.1.2 (registry+https://github.com/rust-lang/crates.io-index)" = "1410f6f91f21d1612654e7cc69193b0334f909dcf2c790c4826254fbb86f8887"
"checksum unicase 1.4.2 (registry+https://github.com/rust-lang/crates.io-index)" = "7f4765f83163b74f957c797ad9253caf97f103fb064d3999aea9568d09fc8a33"
"checksum unicode-bidi 0.3.4 (registry+https://github.com/rust-lang/crates.io-index)" = "49f2bd0c6468a8230e1db229cff8029217cf623c767ea5d60bfbd42729ea54d5"
"checksum unicode-normalization 0.1.5 (registry+https://github.com/rust-lang/crates.io-index)" = "51ccda9ef9efa3f7ef5d91e8f9b83bbe6955f9bf86aec89d5cce2c874625920f"
"checksum untrusted 0.5.1 (registry+https://github.com/rust-lang/crates.io-index)" = "f392d7819dbe58833e26872f5f6f0d68b7bbbe90fc3667e98731c4a15ad9a7ae"
"checksum url 1.5.1 (registry+https://github.com/rust-lang/crates.io-index)" = "eeb819346883532a271eb626deb43c4a1bb4c4dd47c519bd78137c3e72a4fe27"
"checksum version_check 0.1.3 (registry+https://github.com/rust-lang/crates.io-index)" = "6b772017e347561807c1aa192438c5fd74242a670a6cffacc40f2defd1dc069d"
"checksum winapi 0.2.8 (registry+https://github.com/rust-lang/crates.io-index)" = "167dc9d6949a9b857f3451275e911c3f44255842c1f7a76f33c55103a909087a"
"checksum winapi-build 0.1.1 (registry+https://github.com/rust-lang/crates.io-index)" = "2d315eee3b34aca4797b2da6b13ed88266e6d612562a0c46390af8299fc699bc"
"checksum yansi 0.3.4 (registry+https://github.com/rust-lang/crates.io-index)" = "a503e4eea629f145a693c8ed1eddba88b3b9de5171c6ebd0e2820cf82d38f934"
