# THIS IS AN AUTOGENERATED FILE. DO NOT EDIT THIS FILE DIRECTLY.
# yarn lockfile v1


"@arr/every@^1.0.0":
  version "1.0.0"
  resolved "https://registry.yarnpkg.com/@arr/every/-/every-1.0.0.tgz#314f8168f50ae48a032cfdad5fdb436f464a97ac"

"@arr/filter@^1.0.0":
  version "1.0.0"
  resolved "https://registry.yarnpkg.com/@arr/filter/-/filter-1.0.0.tgz#3d70902de9b5424bb5d5ceec00fd05f3d635e50f"

matchit@^1.0.0:
  version "1.0.1"
  resolved "https://registry.yarnpkg.com/matchit/-/matchit-1.0.1.tgz#8dee9d5d263fa562098c6b552e3adfbae70962e9"
  dependencies:
    "@arr/every" "^1.0.0"
    "@arr/filter" "^1.0.0"

parseurl@^1.3.2:
  version "1.3.2"
  resolved "https://registry.yarnpkg.com/parseurl/-/parseurl-1.3.2.tgz#fc289d4ed8993119460c156253262cdc8de65bf3"

polka@^0.3.2:
  version "0.3.2"
  resolved "https://registry.yarnpkg.com/polka/-/polka-0.3.2.tgz#39a5774addd2ed08b7daf90a8ce04376ce61c924"
  dependencies:
    parseurl "^1.3.2"
    trouter "^1.0.0"

trouter@^1.0.0:
  version "1.0.0"
  resolved "https://registry.yarnpkg.com/trouter/-/trouter-1.0.0.tgz#4f845e0cdf4749276565d60f6dc9d61f55d6c0bb"
  dependencies:
    matchit "^1.0.0"
