github.com/davecgh/go-spew v1.1.1/go.mod h1:J7Y8YcW2NihsgmVo/mv3lAwl/skON4iLHjSsI+c5H38=
github.com/goroute/route v0.0.0-20190719070023-d954e0fc21fb h1:TkY3noxJyjL/R+acsPtL55XqtArEIYxVqA0jpPAViTY=
github.com/goroute/route v0.0.0-20190719070023-d954e0fc21fb/go.mod h1:NbIJ/ugD3lKtySaGZKqTMvxLmUCVD19uZ6HZrZUEQrY=
github.com/pmezard/go-difflib v1.0.0/go.mod h1:iKH77koFhYxTK1pcRnkKkqfTogsbg7gZNVY4sRDYZ/4=
github.com/stretchr/testify v1.2.2/go.mod h1:a8OnRcib4nhh0OaRAV+Yts87kKdq0PP7pXfy6kDkUVs=
