{
  "object": {
    "pins": [
      {
        "package": "BCrypt",
        "repositoryURL": "https://github.com/vapor/bcrypt.git",
        "state": {
          "branch": null,
          "revision": "3ee4aca16ba6ebfb1ad48cc5fd4dfb163c6d6be8",
          "version": "1.1.0"
        }
      },
      {
        "package": "Bits",
        "repositoryURL": "https://github.com/vapor/bits.git",
        "state": {
          "branch": null,
          "revision": "c32f5e6ae2007dccd21a92b7e33eba842dd80d2f",
          "version": "1.1.0"
        }
      },
      {
        "package": "CTLS",
        "repositoryURL": "https://github.com/vapor/ctls.git",
        "state": {
          "branch": null,
          "revision": "fddec6a4643d6e85b6bb6dc54b1b5cdbabd395d2",
          "version": "1.1.2"
        }
      },
      {
        "package": "Console",
        "repositoryURL": "https://github.com/vapor/console.git",
        "state": {
          "branch": null,
          "revision": "11c0694857d1be6c7b8b30d8db8b1162b73f2a2b",
          "version": "2.2.0"
        }
      },
      {
        "package": "Core",
        "repositoryURL": "https://github.com/vapor/core.git",
        "state": {
          "branch": null,
          "revision": "b8330808f4f6b69941961afe8ad6b015562f7b7c",
          "version": "2.1.2"
        }
      },
      {
        "package": "Crypto",
        "repositoryURL": "https://github.com/vapor/crypto.git",
        "state": {
          "branch": null,
          "revision": "bf4470b9da79024aab79c85de80374f6c29e3864",
          "version": "2.1.1"
        }
      },
      {
        "package": "Debugging",
        "repositoryURL": "https://github.com/vapor/debugging.git",
        "state": {
          "branch": null,
          "revision": "49c5e8f0a7cb5456a8f7c72c6cd9f1553e5885a8",
          "version": "1.1.0"
        }
      },
      {
        "package": "Engine",
        "repositoryURL": "https://github.com/vapor/engine.git",
        "state": {
          "branch": null,
          "revision": "decf702d774ac630dfe0441ff76b4bb68257b77a",
          "version": "2.2.1"
        }
      },
      {
        "package": "JSON",
        "repositoryURL": "https://github.com/vapor/json.git",
        "state": {
          "branch": null,
          "revision": "5c2a62771cefdb04b1f96f4ccc52b581fe20cfb1",
          "version": "2.2.0"
        }
      },
      {
        "package": "Multipart",
        "repositoryURL": "https://github.com/vapor/multipart.git",
        "state": {
          "branch": null,
          "revision": "f32d0952b8d4dfcef5ea194e85c1968d90f97bf0",
          "version": "2.1.0"
        }
      },
      {
        "package": "Node",
        "repositoryURL": "https://github.com/vapor/node.git",
        "state": {
          "branch": null,
          "revision": "642f357d08ec5aa335ae2e3c4633c72da7b5a0c4",
          "version": "2.1.1"
        }
      },
      {
        "package": "Random",
        "repositoryURL": "https://github.com/vapor/random.git",
        "state": {
          "branch": null,
          "revision": "d7c4397d125caba795d14d956efacfe2a27a63d0",
          "version": "1.2.0"
        }
      },
      {
        "package": "Routing",
        "repositoryURL": "https://github.com/vapor/routing.git",
        "state": {
          "branch": null,
          "revision": "66750975f5e5abaacf4bfa4d37ec85dd20c89312",
          "version": "2.1.0"
        }
      },
      {
        "package": "Sockets",
        "repositoryURL": "https://github.com/vapor/sockets.git",
        "state": {
          "branch": null,
          "revision": "f6b06982e94db71227e99c56fec5899a8526e8ad",
          "version": "2.1.0"
        }
      },
      {
        "package": "TLS",
        "repositoryURL": "https://github.com/vapor/tls.git",
        "state": {
          "branch": null,
          "revision": "6c6eedb6761cddc6b6c87142a27eec13fa1701ec",
          "version": "2.1.1"
        }
      },
      {
        "package": "Vapor",
        "repositoryURL": "https://github.com/vapor/vapor.git",
        "state": {
          "branch": null,
          "revision": "a2492c84264c6d43a96af0017f4175ac6b1e9f8d",
          "version": "2.0.0"
        }
      }
    ]
  },
  "version": 1
}
