github.com/bnkamalesh/web-frameworks v1.2.6 h1:Y4/yaXLCchPsc5keLxBKYrDaGhxJkcLuMG9bbJcVNGk=
github.com/bnkamalesh/webgo v2.5.1+incompatible h1:hmTKzO0XiETSl8OE8kQG7nwdAPKxQwVVPcX6vCw9LU4=
github.com/bnkamalesh/webgo/v3 v3.0.2 h1:yTOfpXj0EKoW1Ajyg7mQ5spzlGDNSuOlAG2uK9HyGJ4=
github.com/bnkamalesh/webgo/v3 v3.0.2/go.mod h1:z0cqhnEfWMBzeFs8k+Q08GKqwpHKbX9YFYnisiTNdO8=
